
Microsoft Visual Studio Solution File, Format Version 12.00
# Visual Studio 15
VisualStudioVersion = 15.0.28307.1082
MinimumVisualStudioVersion = 10.0.40219.1
Project("{FAE04EC0-301F-11D3-BF4B-00C04F79EFBC}") = "GiuakiTT_Bao", "GiuakiTT_Bao\GiuakiTT_Bao.csproj", "{BC59F209-48CB-45A8-A311-582A52FA3C34}"
EndProject
Global
	GlobalSection(SolutionConfigurationPlatforms) = preSolution
		Debug|Any CPU = Debug|Any CPU
		Release|Any CPU = Release|Any CPU
	EndGlobalSection
	GlobalSection(ProjectConfigurationPlatforms) = postSolution
		{BC59F209-48CB-45A8-A311-582A52FA3C34}.Debug|Any CPU.ActiveCfg = Debug|Any CPU
		{BC59F209-48CB-45A8-A311-582A52FA3C34}.Debug|Any CPU.Build.0 = Debug|Any CPU
		{BC59F209-48CB-45A8-A311-582A52FA3C34}.Release|Any CPU.ActiveCfg = Release|Any CPU
		{BC59F209-48CB-45A8-A311-582A52FA3C34}.Release|Any CPU.Build.0 = Release|Any CPU
	EndGlobalSection
	GlobalSection(SolutionProperties) = preSolution
		HideSolutionNode = FALSE
	EndGlobalSection
	GlobalSection(ExtensibilityGlobals) = postSolution
		SolutionGuid = {BBCAA4AD-F515-4BC3-B94C-931558CF0B15}
	EndGlobalSection
EndGlobal
